// !$*UTF8*$!
{
	archiveVersion = 1;
	classes = {
	};
	objectVersion = 46;
	objects = {

/* Begin PBXBuildFile section */
		349A9830151D5324BAE4A669 /* Pods_AbstractDownloading.framework in Frameworks */ = {isa = PBXBuildFile; fileRef = F3FC446C9C299122FC2FE9B0 /* Pods_AbstractDownloading.framework */; };
		7331F8AD1D4F8DC500293D1A /* AppDelegate.swift in Sources */ = {isa = PBXBuildFile; fileRef = 7331F8AC1D4F8DC500293D1A /* AppDelegate.swift */; };
		7331F8B21D4F8DED00293D1A /* ViewController.swift in Sources */ = {isa = PBXBuildFile; fileRef = 7331F8B01D4F8DED00293D1A /* ViewController.swift */; };
		7331F8B31D4F8DED00293D1A /* ViewControllerTableCell.swift in Sources */ = {isa = PBXBuildFile; fileRef = 7331F8B11D4F8DED00293D1A /* ViewControllerTableCell.swift */; };
		7331F8B81D4F8E2500293D1A /* FICDPhoto.m in Sources */ = {isa = PBXBuildFile; fileRef = 7331F8B71D4F8E2500293D1A /* FICDPhoto.m */; };
		7331F8BE1D4F8E5F00293D1A /* Assets.xcassets in Resources */ = {isa = PBXBuildFile; fileRef = 7331F8BD1D4F8E5F00293D1A /* Assets.xcassets */; };
		7331F8C41D4F8E8000293D1A /* LaunchScreen.storyboard in Resources */ = {isa = PBXBuildFile; fileRef = 7331F8C01D4F8E8000293D1A /* LaunchScreen.storyboard */; };
		7331F8C51D4F8E8000293D1A /* Main.storyboard in Resources */ = {isa = PBXBuildFile; fileRef = 7331F8C21D4F8E8000293D1A /* Main.storyboard */; };
		7331F8C71D4F8EC400293D1A /* Default-568h@2x.png in Resources */ = {isa = PBXBuildFile; fileRef = 7331F8C61D4F8EC400293D1A /* Default-568h@2x.png */; };
/* End PBXBuildFile section */

/* Begin PBXFileReference section */
		0F4A14E4B2BC85CC80B8DBB3 /* Pods-AbstractDownloading.release.xcconfig */ = {isa = PBXFileReference; includeInIndex = 1; lastKnownFileType = text.xcconfig; name = "Pods-AbstractDownloading.release.xcconfig"; path = "Pods/Target Support Files/Pods-AbstractDownloading/Pods-AbstractDownloading.release.xcconfig"; sourceTree = "<group>"; };
		412E00431D4E75B40031627C /* AbstractDownloading.app */ = {isa = PBXFileReference; explicitFileType = wrapper.application; includeInIndex = 0; path = AbstractDownloading.app; sourceTree = BUILT_PRODUCTS_DIR; };
		627F3238FA3DE9294213E369 /* Pods-AbstractDownloading.debug.xcconfig */ = {isa = PBXFileReference; includeInIndex = 1; lastKnownFileType = text.xcconfig; name = "Pods-AbstractDownloading.debug.xcconfig"; path = "Pods/Target Support Files/Pods-AbstractDownloading/Pods-AbstractDownloading.debug.xcconfig"; sourceTree = "<group>"; };
		7331F8AC1D4F8DC500293D1A /* AppDelegate.swift */ = {isa = PBXFileReference; fileEncoding = 4; lastKnownFileType = sourcecode.swift; path = AppDelegate.swift; sourceTree = "<group>"; };
		7331F8B01D4F8DED00293D1A /* ViewController.swift */ = {isa = PBXFileReference; fileEncoding = 4; lastKnownFileType = sourcecode.swift; path = ViewController.swift; sourceTree = "<group>"; };
		7331F8B11D4F8DED00293D1A /* ViewControllerTableCell.swift */ = {isa = PBXFileReference; fileEncoding = 4; lastKnownFileType = sourcecode.swift; path = ViewControllerTableCell.swift; sourceTree = "<group>"; };
		7331F8B61D4F8E2500293D1A /* FICDPhoto.h */ = {isa = PBXFileReference; fileEncoding = 4; lastKnownFileType = sourcecode.c.h; path = FICDPhoto.h; sourceTree = "<group>"; };
		7331F8B71D4F8E2500293D1A /* FICDPhoto.m */ = {isa = PBXFileReference; fileEncoding = 4; lastKnownFileType = sourcecode.c.objc; path = FICDPhoto.m; sourceTree = "<group>"; };
		7331F8BA1D4F8E3F00293D1A /* BridgingHeader.h */ = {isa = PBXFileReference; fileEncoding = 4; lastKnownFileType = sourcecode.c.h; path = BridgingHeader.h; sourceTree = "<group>"; };
		7331F8BB1D4F8E3F00293D1A /* Info.plist */ = {isa = PBXFileReference; fileEncoding = 4; lastKnownFileType = text.plist.xml; path = Info.plist; sourceTree = "<group>"; };
		7331F8BD1D4F8E5F00293D1A /* Assets.xcassets */ = {isa = PBXFileReference; lastKnownFileType = folder.assetcatalog; path = Assets.xcassets; sourceTree = "<group>"; };
		7331F8C11D4F8E8000293D1A /* Base */ = {isa = PBXFileReference; lastKnownFileType = file.storyboard; name = Base; path = Base.lproj/LaunchScreen.storyboard; sourceTree = "<group>"; };
		7331F8C31D4F8E8000293D1A /* Base */ = {isa = PBXFileReference; lastKnownFileType = file.storyboard; name = Base; path = Base.lproj/Main.storyboard; sourceTree = "<group>"; };
		7331F8C61D4F8EC400293D1A /* Default-568h@2x.png */ = {isa = PBXFileReference; lastKnownFileType = image.png; path = "Default-568h@2x.png"; sourceTree = "<group>"; };
		F3FC446C9C299122FC2FE9B0 /* Pods_AbstractDownloading.framework */ = {isa = PBXFileReference; explicitFileType = wrapper.framework; includeInIndex = 0; path = Pods_AbstractDownloading.framework; sourceTree = BUILT_PRODUCTS_DIR; };
/* End PBXFileReference section */

/* Begin PBXFrameworksBuildPhase section */
		412E00401D4E75B40031627C /* Frameworks */ = {
			isa = PBXFrameworksBuildPhase;
			buildActionMask = 2147483647;
			files = (
				349A9830151D5324BAE4A669 /* Pods_AbstractDownloading.framework in Frameworks */,
			);
			runOnlyForDeploymentPostprocessing = 0;
		};
/* End PBXFrameworksBuildPhase section */

/* Begin PBXGroup section */
		412E003A1D4E75B40031627C = {
			isa = PBXGroup;
			children = (
				7331F8C61D4F8EC400293D1A /* Default-568h@2x.png */,
				412E00451D4E75B40031627C /* AbstractDownloading */,
				412E00441D4E75B40031627C /* Products */,
				7E20C5EBB0ACB5D50C48CC0D /* Pods */,
				9409175EF1FFEECFEC19C6CA /* Frameworks */,
			);
			sourceTree = "<group>";
		};
		412E00441D4E75B40031627C /* Products */ = {
			isa = PBXGroup;
			children = (
				412E00431D4E75B40031627C /* AbstractDownloading.app */,
			);
			name = Products;
			sourceTree = "<group>";
		};
		412E00451D4E75B40031627C /* AbstractDownloading */ = {
			isa = PBXGroup;
			children = (
				7331F8BF1D4F8E8000293D1A /* Storyboard:Xibs */,
				7331F8B41D4F8E2500293D1A /* Utilities */,
				7331F8AE1D4F8DED00293D1A /* View Controllers */,
				7331F8AB1D4F8DC500293D1A /* App Delegate */,
				7331F8B91D4F8E3F00293D1A /* Resources */,
			);
			path = AbstractDownloading;
			sourceTree = "<group>";
		};
		7331F8AB1D4F8DC500293D1A /* App Delegate */ = {
			isa = PBXGroup;
			children = (
				7331F8AC1D4F8DC500293D1A /* AppDelegate.swift */,
			);
			path = "App Delegate";
			sourceTree = "<group>";
		};
		7331F8AE1D4F8DED00293D1A /* View Controllers */ = {
			isa = PBXGroup;
			children = (
				7331F8AF1D4F8DED00293D1A /* Home view controller */,
			);
			path = "View Controllers";
			sourceTree = "<group>";
		};
		7331F8AF1D4F8DED00293D1A /* Home view controller */ = {
			isa = PBXGroup;
			children = (
				7331F8B01D4F8DED00293D1A /* ViewController.swift */,
				7331F8B11D4F8DED00293D1A /* ViewControllerTableCell.swift */,
			);
			path = "Home view controller";
			sourceTree = "<group>";
		};
		7331F8B41D4F8E2500293D1A /* Utilities */ = {
			isa = PBXGroup;
			children = (
				7331F8B51D4F8E2500293D1A /* FICDPhoto */,
			);
			path = Utilities;
			sourceTree = "<group>";
		};
		7331F8B51D4F8E2500293D1A /* FICDPhoto */ = {
			isa = PBXGroup;
			children = (
				7331F8B61D4F8E2500293D1A /* FICDPhoto.h */,
				7331F8B71D4F8E2500293D1A /* FICDPhoto.m */,
			);
			path = FICDPhoto;
			sourceTree = "<group>";
		};
		7331F8B91D4F8E3F00293D1A /* Resources */ = {
			isa = PBXGroup;
			children = (
				7331F8BD1D4F8E5F00293D1A /* Assets.xcassets */,
				7331F8BA1D4F8E3F00293D1A /* BridgingHeader.h */,
				7331F8BB1D4F8E3F00293D1A /* Info.plist */,
			);
			path = Resources;
			sourceTree = "<group>";
		};
		7331F8BF1D4F8E8000293D1A /* Storyboard:Xibs */ = {
			isa = PBXGroup;
			children = (
				7331F8C01D4F8E8000293D1A /* LaunchScreen.storyboard */,
				7331F8C21D4F8E8000293D1A /* Main.storyboard */,
			);
			path = "Storyboard:Xibs";
			sourceTree = "<group>";
		};
		7E20C5EBB0ACB5D50C48CC0D /* Pods */ = {
			isa = PBXGroup;
			children = (
				627F3238FA3DE9294213E369 /* Pods-AbstractDownloading.debug.xcconfig */,
				0F4A14E4B2BC85CC80B8DBB3 /* Pods-AbstractDownloading.release.xcconfig */,
			);
			name = Pods;
			sourceTree = "<group>";
		};
		9409175EF1FFEECFEC19C6CA /* Frameworks */ = {
			isa = PBXGroup;
			children = (
				F3FC446C9C299122FC2FE9B0 /* Pods_AbstractDownloading.framework */,
			);
			name = Frameworks;
			sourceTree = "<group>";
		};
/* End PBXGroup section */

/* Begin PBXNativeTarget section */
		412E00421D4E75B40031627C /* AbstractDownloading */ = {
			isa = PBXNativeTarget;
			buildConfigurationList = 412E00551D4E75B40031627C /* Build configuration list for PBXNativeTarget "AbstractDownloading" */;
			buildPhases = (
				CCF96186033B8DD0AF7BC535 /* [CP] Check Pods Manifest.lock */,
				412E003F1D4E75B40031627C /* Sources */,
				412E00401D4E75B40031627C /* Frameworks */,
				412E00411D4E75B40031627C /* Resources */,
				4DCFEFC476AF7F6C1AF16A78 /* [CP] Embed Pods Frameworks */,
				D2E1ABEF90B73054D7B3C626 /* [CP] Copy Pods Resources */,
			);
			buildRules = (
			);
			dependencies = (
			);
			name = AbstractDownloading;
			productName = AbstractDownloading;
			productReference = 412E00431D4E75B40031627C /* AbstractDownloading.app */;
			productType = "com.apple.product-type.application";
		};
/* End PBXNativeTarget section */

/* Begin PBXProject section */
		412E003B1D4E75B40031627C /* Project object */ = {
			isa = PBXProject;
			attributes = {
				LastSwiftUpdateCheck = 0720;
				LastUpgradeCheck = 0720;
				ORGANIZATIONNAME = www.programmingcrew.in;
				TargetAttributes = {
					412E00421D4E75B40031627C = {
						CreatedOnToolsVersion = 7.2;
					};
				};
			};
			buildConfigurationList = 412E003E1D4E75B40031627C /* Build configuration list for PBXProject "AbstractDownloading" */;
			compatibilityVersion = "Xcode 3.2";
			developmentRegion = English;
			hasScannedForEncodings = 0;
			knownRegions = (
				en,
				Base,
			);
			mainGroup = 412E003A1D4E75B40031627C;
			productRefGroup = 412E00441D4E75B40031627C /* Products */;
			projectDirPath = "";
			projectRoot = "";
			targets = (
				412E00421D4E75B40031627C /* AbstractDownloading */,
			);
		};
/* End PBXProject section */

/* Begin PBXResourcesBuildPhase section */
		412E00411D4E75B40031627C /* Resources */ = {
			isa = PBXResourcesBuildPhase;
			buildActionMask = 2147483647;
			files = (
				7331F8C41D4F8E8000293D1A /* LaunchScreen.storyboard in Resources */,
				7331F8BE1D4F8E5F00293D1A /* Assets.xcassets in Resources */,
				7331F8C71D4F8EC400293D1A /* Default-568h@2x.png in Resources */,
				7331F8C51D4F8E8000293D1A /* Main.storyboard in Resources */,
			);
			runOnlyForDeploymentPostprocessing = 0;
		};
/* End PBXResourcesBuildPhase section */

/* Begin PBXShellScriptBuildPhase section */
		4DCFEFC476AF7F6C1AF16A78 /* [CP] Embed Pods Frameworks */ = {
			isa = PBXShellScriptBuildPhase;
			buildActionMask = 2147483647;
			files = (
			);
			inputPaths = (
			);
			name = "[CP] Embed Pods Frameworks";
			outputPaths = (
			);
			runOnlyForDeploymentPostprocessing = 0;
			shellPath = /bin/sh;
			shellScript = "\"${SRCROOT}/Pods/Target Support Files/Pods-AbstractDownloading/Pods-AbstractDownloading-frameworks.sh\"\n";
			showEnvVarsInLog = 0;
		};
		CCF96186033B8DD0AF7BC535 /* [CP] Check Pods Manifest.lock */ = {
			isa = PBXShellScriptBuildPhase;
			buildActionMask = 2147483647;
			files = (
			);
			inputPaths = (
			);
			name = "[CP] Check Pods Manifest.lock";
			outputPaths = (
			);
			runOnlyForDeploymentPostprocessing = 0;
			shellPath = /bin/sh;
			shellScript = "diff \"${PODS_ROOT}/../Podfile.lock\" \"${PODS_ROOT}/Manifest.lock\" > /dev/null\nif [[ $? != 0 ]] ; then\n    cat << EOM\nerror: The sandbox is not in sync with the Podfile.lock. Run 'pod install' or update your CocoaPods installation.\nEOM\n    exit 1\nfi\n";
			showEnvVarsInLog = 0;
		};
		D2E1ABEF90B73054D7B3C626 /* [CP] Copy Pods Resources */ = {
			isa = PBXShellScriptBuildPhase;
			buildActionMask = 2147483647;
			files = (
			);
			inputPaths = (
			);
			name = "[CP] Copy Pods Resources";
			outputPaths = (
			);
			runOnlyForDeploymentPostprocessing = 0;
			shellPath = /bin/sh;
			shellScript = "\"${SRCROOT}/Pods/Target Support Files/Pods-AbstractDownloading/Pods-AbstractDownloading-resources.sh\"\n";
			showEnvVarsInLog = 0;
		};
/* End PBXShellScriptBuildPhase section */

/* Begin PBXSourcesBuildPhase section */
		412E003F1D4E75B40031627C /* Sources */ = {
			isa = PBXSourcesBuildPhase;
			buildActionMask = 2147483647;
			files = (
				7331F8B21D4F8DED00293D1A /* ViewController.swift in Sources */,
				7331F8AD1D4F8DC500293D1A /* AppDelegate.swift in Sources */,
				7331F8B81D4F8E2500293D1A /* FICDPhoto.m in Sources */,
				7331F8B31D4F8DED00293D1A /* ViewControllerTableCell.swift in Sources */,
			);
			runOnlyForDeploymentPostprocessing = 0;
		};
/* End PBXSourcesBuildPhase section */

/* Begin PBXVariantGroup section */
		7331F8C01D4F8E8000293D1A /* LaunchScreen.storyboard */ = {
			isa = PBXVariantGroup;
			children = (
				7331F8C11D4F8E8000293D1A /* Base */,
			);
			name = LaunchScreen.storyboard;
			sourceTree = "<group>";
		};
		7331F8C21D4F8E8000293D1A /* Main.storyboard */ = {
			isa = PBXVariantGroup;
			children = (
				7331F8C31D4F8E8000293D1A /* Base */,
			);
			name = Main.storyboard;
			sourceTree = "<group>";
		};
/* End PBXVariantGroup section */

/* Begin XCBuildConfiguration section */
		412E00531D4E75B40031627C /* Debug */ = {
			isa = XCBuildConfiguration;
			buildSettings = {
				ALWAYS_SEARCH_USER_PATHS = NO;
				CLANG_CXX_LANGUAGE_STANDARD = "gnu++0x";
				CLANG_CXX_LIBRARY = "libc++";
				CLANG_ENABLE_MODULES = YES;
				CLANG_ENABLE_OBJC_ARC = YES;
				CLANG_WARN_BOOL_CONVERSION = YES;
				CLANG_WARN_CONSTANT_CONVERSION = YES;
				CLANG_WARN_DIRECT_OBJC_ISA_USAGE = YES_ERROR;
				CLANG_WARN_EMPTY_BODY = YES;
				CLANG_WARN_ENUM_CONVERSION = YES;
				CLANG_WARN_INT_CONVERSION = YES;
				CLANG_WARN_OBJC_ROOT_CLASS = YES_ERROR;
				CLANG_WARN_UNREACHABLE_CODE = YES;
				CLANG_WARN__DUPLICATE_METHOD_MATCH = YES;
				"CODE_SIGN_IDENTITY[sdk=iphoneos*]" = "iPhone Developer";
				COPY_PHASE_STRIP = NO;
				DEBUG_INFORMATION_FORMAT = dwarf;
				ENABLE_STRICT_OBJC_MSGSEND = YES;
				ENABLE_TESTABILITY = YES;
				GCC_C_LANGUAGE_STANDARD = gnu99;
				GCC_DYNAMIC_NO_PIC = NO;
				GCC_NO_COMMON_BLOCKS = YES;
				GCC_OPTIMIZATION_LEVEL = 0;
				GCC_PREPROCESSOR_DEFINITIONS = (
					"DEBUG=1",
					"$(inherited)",
				);
				GCC_WARN_64_TO_32_BIT_CONVERSION = YES;
				GCC_WARN_ABOUT_RETURN_TYPE = YES_ERROR;
				GCC_WARN_UNDECLARED_SELECTOR = YES;
				GCC_WARN_UNINITIALIZED_AUTOS = YES_AGGRESSIVE;
				GCC_WARN_UNUSED_FUNCTION = YES;
				GCC_WARN_UNUSED_VARIABLE = YES;
				IPHONEOS_DEPLOYMENT_TARGET = 9.2;
				MTL_ENABLE_DEBUG_INFO = YES;
				ONLY_ACTIVE_ARCH = YES;
				SDKROOT = iphoneos;
				SWIFT_OPTIMIZATION_LEVEL = "-Onone";
			};
			name = Debug;
		};
		412E00541D4E75B40031627C /* Release */ = {
			isa = XCBuildConfiguration;
			buildSettings = {
				ALWAYS_SEARCH_USER_PATHS = NO;
				CLANG_CXX_LANGUAGE_STANDARD = "gnu++0x";
				CLANG_CXX_LIBRARY = "libc++";
				CLANG_ENABLE_MODULES = YES;
				CLANG_ENABLE_OBJC_ARC = YES;
				CLANG_WARN_BOOL_CONVERSION = YES;
				CLANG_WARN_CONSTANT_CONVERSION = YES;
				CLANG_WARN_DIRECT_OBJC_ISA_USAGE = YES_ERROR;
				CLANG_WARN_EMPTY_BODY = YES;
				CLANG_WARN_ENUM_CONVERSION = YES;
				CLANG_WARN_INT_CONVERSION = YES;
				CLANG_WARN_OBJC_ROOT_CLASS = YES_ERROR;
				CLANG_WARN_UNREACHABLE_CODE = YES;
				CLANG_WARN__DUPLICATE_METHOD_MATCH = YES;
				"CODE_SIGN_IDENTITY[sdk=iphoneos*]" = "iPhone Developer";
				COPY_PHASE_STRIP = NO;
				DEBUG_INFORMATION_FORMAT = "dwarf-with-dsym";
				ENABLE_NS_ASSERTIONS = NO;
				ENABLE_STRICT_OBJC_MSGSEND = YES;
				GCC_C_LANGUAGE_STANDARD = gnu99;
				GCC_NO_COMMON_BLOCKS = YES;
				GCC_WARN_64_TO_32_BIT_CONVERSION = YES;
				GCC_WARN_ABOUT_RETURN_TYPE = YES_ERROR;
				GCC_WARN_UNDECLARED_SELECTOR = YES;
				GCC_WARN_UNINITIALIZED_AUTOS = YES_AGGRESSIVE;
				GCC_WARN_UNUSED_FUNCTION = YES;
				GCC_WARN_UNUSED_VARIABLE = YES;
				IPHONEOS_DEPLOYMENT_TARGET = 9.2;
				MTL_ENABLE_DEBUG_INFO = NO;
				SDKROOT = iphoneos;
				VALIDATE_PRODUCT = YES;
			};
			name = Release;
		};
		412E00561D4E75B40031627C /* Debug */ = {
			isa = XCBuildConfiguration;
			baseConfigurationReference = 627F3238FA3DE9294213E369 /* Pods-AbstractDownloading.debug.xcconfig */;
			buildSettings = {
				ASSETCATALOG_COMPILER_APPICON_NAME = AppIcon;
				INFOPLIST_FILE = "$(SRCROOT)/AbstractDownloading/Resources/Info.plist";
				IPHONEOS_DEPLOYMENT_TARGET = 8.0;
				LD_RUNPATH_SEARCH_PATHS = "$(inherited) @executable_path/Frameworks";
				PRODUCT_BUNDLE_IDENTIFIER = com.programmingcrew.AbstractDownloading;
				PRODUCT_NAME = "$(TARGET_NAME)";
				SWIFT_OBJC_BRIDGING_HEADER = "$(SRCROOT)/AbstractDownloading/Resources/BridgingHeader.h";
			};
			name = Debug;
		};
		412E00571D4E75B40031627C /* Release */ = {
			isa = XCBuildConfiguration;
			baseConfigurationReference = 0F4A14E4B2BC85CC80B8DBB3 /* Pods-AbstractDownloading.release.xcconfig */;
			buildSettings = {
				ASSETCATALOG_COMPILER_APPICON_NAME = AppIcon;
				INFOPLIST_FILE = "$(SRCROOT)/AbstractDownloading/Resources/Info.plist";
				IPHONEOS_DEPLOYMENT_TARGET = 8.0;
				LD_RUNPATH_SEARCH_PATHS = "$(inherited) @executable_path/Frameworks";
				PRODUCT_BUNDLE_IDENTIFIER = com.programmingcrew.AbstractDownloading;
				PRODUCT_NAME = "$(TARGET_NAME)";
				SWIFT_OBJC_BRIDGING_HEADER = "$(SRCROOT)/AbstractDownloading/Resources/BridgingHeader.h";
			};
			name = Release;
		};
/* End XCBuildConfiguration section */

/* Begin XCConfigurationList section */
		412E003E1D4E75B40031627C /* Build configuration list for PBXProject "AbstractDownloading" */ = {
			isa = XCConfigurationList;
			buildConfigurations = (
				412E00531D4E75B40031627C /* Debug */,
				412E00541D4E75B40031627C /* Release */,
			);
			defaultConfigurationIsVisible = 0;
			defaultConfigurationName = Release;
		};
		412E00551D4E75B40031627C /* Build configuration list for PBXNativeTarget "AbstractDownloading" */ = {
			isa = XCConfigurationList;
			buildConfigurations = (
				412E00561D4E75B40031627C /* Debug */,
				412E00571D4E75B40031627C /* Release */,
			);
			defaultConfigurationIsVisible = 0;
			defaultConfigurationName = Release;
		};
/* End XCConfigurationList section */
	};
	rootObject = 412E003B1D4E75B40031627C /* Project object */;
}
